
Microsoft Visual Studio Solution File, Format Version 12.00
# Visual Studio Version 17
VisualStudioVersion = 17.3.32929.385
MinimumVisualStudioVersion = 10.0.40219.1
Project("{FAE04EC0-301F-11D3-BF4B-00C04F79EFBC}") = "SubwayBL", "SubwayModel\SubwayBL.csproj", "{AEA3ED26-FA30-4A13-AB46-190ADB672AB3}"
EndProject
Global
	GlobalSection(SolutionConfigurationPlatforms) = preSolution
		Debug|Any CPU = Debug|Any CPU
		Release|Any CPU = Release|Any CPU
	EndGlobalSection
	GlobalSection(ProjectConfigurationPlatforms) = postSolution
		{AEA3ED26-FA30-4A13-AB46-190ADB672AB3}.Debug|Any CPU.ActiveCfg = Debug|Any CPU
		{AEA3ED26-FA30-4A13-AB46-190ADB672AB3}.Debug|Any CPU.Build.0 = Debug|Any CPU
		{AEA3ED26-FA30-4A13-AB46-190ADB672AB3}.Release|Any CPU.ActiveCfg = Release|Any CPU
		{AEA3ED26-FA30-4A13-AB46-190ADB672AB3}.Release|Any CPU.Build.0 = Release|Any CPU
	EndGlobalSection
	GlobalSection(SolutionProperties) = preSolution
		HideSolutionNode = FALSE
	EndGlobalSection
	GlobalSection(ExtensibilityGlobals) = postSolution
		SolutionGuid = {DB13F950-40FC-4052-A193-B5D2CCFAFADB}
	EndGlobalSection
EndGlobal
